
Microsoft Visual Studio Solution File, Format Version 12.00
# Visual Studio 15
VisualStudioVersion = 15.0.28307.106
MinimumVisualStudioVersion = 10.0.40219.1
Project("{E24C65DC-7377-472B-9ABA-BC803B73C61A}") = "DnetDemo", "DnetDemo\", "{BD222226-E647-4A87-998E-C8A23DFB4110}"
	ProjectSection(WebsiteProperties) = preProject
		TargetFrameworkMoniker = ".NETFramework,Version%3Dv4.6.1"
		Debug.AspNetCompiler.VirtualPath = "/localhost_51550"
		Debug.AspNetCompiler.PhysicalPath = "DnetDemo\"
		Debug.AspNetCompiler.TargetPath = "PrecompiledWeb\localhost_51550\"
		Debug.AspNetCompiler.Updateable = "true"
		Debug.AspNetCompiler.ForceOverwrite = "true"
		Debug.AspNetCompiler.FixedNames = "false"
		Debug.AspNetCompiler.Debug = "True"
		Release.AspNetCompiler.VirtualPath = "/localhost_51550"
		Release.AspNetCompiler.PhysicalPath = "DnetDemo\"
		Release.AspNetCompiler.TargetPath = "PrecompiledWeb\localhost_51550\"
		Release.AspNetCompiler.Updateable = "true"
		Release.AspNetCompiler.ForceOverwrite = "true"
		Release.AspNetCompiler.FixedNames = "false"
		Release.AspNetCompiler.Debug = "False"
		VWDPort = "51550"
		SlnRelativePath = "DnetDemo\"
		DefaultWebSiteLanguage = "Visual C#"
	EndProjectSection
EndProject
Project("{00D1A9C2-B5F0-4AF3-8072-F6C62B433612}") = "Database1", "Database1\Database1.sqlproj", "{17CA0E84-80B4-4559-9ED9-DE0DAF151439}"
EndProject
Global
	GlobalSection(SolutionConfigurationPlatforms) = preSolution
		Debug|Any CPU = Debug|Any CPU
		Release|Any CPU = Release|Any CPU
	EndGlobalSection
	GlobalSection(ProjectConfigurationPlatforms) = postSolution
		{BD222226-E647-4A87-998E-C8A23DFB4110}.Debug|Any CPU.ActiveCfg = Debug|Any CPU
		{BD222226-E647-4A87-998E-C8A23DFB4110}.Debug|Any CPU.Build.0 = Debug|Any CPU
		{BD222226-E647-4A87-998E-C8A23DFB4110}.Release|Any CPU.ActiveCfg = Debug|Any CPU
		{BD222226-E647-4A87-998E-C8A23DFB4110}.Release|Any CPU.Build.0 = Debug|Any CPU
		{17CA0E84-80B4-4559-9ED9-DE0DAF151439}.Debug|Any CPU.ActiveCfg = Debug|Any CPU
		{17CA0E84-80B4-4559-9ED9-DE0DAF151439}.Debug|Any CPU.Build.0 = Debug|Any CPU
		{17CA0E84-80B4-4559-9ED9-DE0DAF151439}.Debug|Any CPU.Deploy.0 = Debug|Any CPU
		{17CA0E84-80B4-4559-9ED9-DE0DAF151439}.Release|Any CPU.ActiveCfg = Release|Any CPU
		{17CA0E84-80B4-4559-9ED9-DE0DAF151439}.Release|Any CPU.Build.0 = Release|Any CPU
		{17CA0E84-80B4-4559-9ED9-DE0DAF151439}.Release|Any CPU.Deploy.0 = Release|Any CPU
	EndGlobalSection
	GlobalSection(SolutionProperties) = preSolution
		HideSolutionNode = FALSE
	EndGlobalSection
	GlobalSection(ExtensibilityGlobals) = postSolution
		SolutionGuid = {AE071E7D-4676-4F51-816B-DBB1314DBA04}
	EndGlobalSection
EndGlobal
